
Microsoft Visual Studio Solution File, Format Version 12.00
# Visual Studio 15
VisualStudioVersion = 15.0.28010.2046
MinimumVisualStudioVersion = 10.0.40219.1
Project("{FAE04EC0-301F-11D3-BF4B-00C04F79EFBC}") = "REV_EXAM_3", "REV_EXAM_3\REV_EXAM_3.csproj", "{0F147018-117D-4BDB-AA78-C98580540ED5}"
EndProject
Global
	GlobalSection(SolutionConfigurationPlatforms) = preSolution
		Debug|Any CPU = Debug|Any CPU
		Release|Any CPU = Release|Any CPU
	EndGlobalSection
	GlobalSection(ProjectConfigurationPlatforms) = postSolution
		{0F147018-117D-4BDB-AA78-C98580540ED5}.Debug|Any CPU.ActiveCfg = Debug|Any CPU
		{0F147018-117D-4BDB-AA78-C98580540ED5}.Debug|Any CPU.Build.0 = Debug|Any CPU
		{0F147018-117D-4BDB-AA78-C98580540ED5}.Release|Any CPU.ActiveCfg = Release|Any CPU
		{0F147018-117D-4BDB-AA78-C98580540ED5}.Release|Any CPU.Build.0 = Release|Any CPU
	EndGlobalSection
	GlobalSection(SolutionProperties) = preSolution
		HideSolutionNode = FALSE
	EndGlobalSection
	GlobalSection(ExtensibilityGlobals) = postSolution
		SolutionGuid = {752A5384-EC8D-4196-84F4-ED670A0914C3}
	EndGlobalSection
EndGlobal
